
Microsoft Visual Studio Solution File, Format Version 12.00
# Visual Studio Version 16
VisualStudioVersion = 16.0.31605.320
MinimumVisualStudioVersion = 10.0.40219.1
Project("{FAE04EC0-301F-11D3-BF4B-00C04F79EFBC}") = "SendMailBackgroundService", "SendMailBackgroundService\SendMailBackgroundService.csproj", "{D3C9F039-3034-4A2F-8E32-CCACE166D53C}"
EndProject
Global
	GlobalSection(SolutionConfigurationPlatforms) = preSolution
		Debug|Any CPU = Debug|Any CPU
		Release|Any CPU = Release|Any CPU
	EndGlobalSection
	GlobalSection(ProjectConfigurationPlatforms) = postSolution
		{D3C9F039-3034-4A2F-8E32-CCACE166D53C}.Debug|Any CPU.ActiveCfg = Debug|Any CPU
		{D3C9F039-3034-4A2F-8E32-CCACE166D53C}.Debug|Any CPU.Build.0 = Debug|Any CPU
		{D3C9F039-3034-4A2F-8E32-CCACE166D53C}.Release|Any CPU.ActiveCfg = Release|Any CPU
		{D3C9F039-3034-4A2F-8E32-CCACE166D53C}.Release|Any CPU.Build.0 = Release|Any CPU
	EndGlobalSection
	GlobalSection(SolutionProperties) = preSolution
		HideSolutionNode = FALSE
	EndGlobalSection
	GlobalSection(ExtensibilityGlobals) = postSolution
		SolutionGuid = {D648CD87-0888-4FD4-BFBD-54FA933DF8CB}
	EndGlobalSection
EndGlobal
